
Microsoft Visual Studio Solution File, Format Version 12.00
# Visual Studio Version 17
VisualStudioVersion = 17.8.34408.163
MinimumVisualStudioVersion = 10.0.40219.1
Project("{FAE04EC0-301F-11D3-BF4B-00C04F79EFBC}") = "FacortyPattern", "FacortyPattern\FacortyPattern.csproj", "{F551AEAF-A463-47E1-BF54-E6AD3DC73B83}"
EndProject
Global
	GlobalSection(SolutionConfigurationPlatforms) = preSolution
		Debug|Any CPU = Debug|Any CPU
		Release|Any CPU = Release|Any CPU
	EndGlobalSection
	GlobalSection(ProjectConfigurationPlatforms) = postSolution
		{F551AEAF-A463-47E1-BF54-E6AD3DC73B83}.Debug|Any CPU.ActiveCfg = Debug|Any CPU
		{F551AEAF-A463-47E1-BF54-E6AD3DC73B83}.Debug|Any CPU.Build.0 = Debug|Any CPU
		{F551AEAF-A463-47E1-BF54-E6AD3DC73B83}.Release|Any CPU.ActiveCfg = Release|Any CPU
		{F551AEAF-A463-47E1-BF54-E6AD3DC73B83}.Release|Any CPU.Build.0 = Release|Any CPU
	EndGlobalSection
	GlobalSection(SolutionProperties) = preSolution
		HideSolutionNode = FALSE
	EndGlobalSection
	GlobalSection(ExtensibilityGlobals) = postSolution
		SolutionGuid = {E13835A2-5918-4ACC-8BBA-536D15ADDCD8}
	EndGlobalSection
EndGlobal
